
Microsoft Visual Studio Solution File, Format Version 12.00
Project("{FAE04EC0-301F-11D3-BF4B-00C04F79EFBC}") = "TEST", "TEST\TEST.csproj", "{89A3BBD5-6E8B-405D-B949-3B3E6F9ED886}"
EndProject
Global
	GlobalSection(SolutionConfigurationPlatforms) = preSolution
		Debug|Any CPU = Debug|Any CPU
		Release|Any CPU = Release|Any CPU
	EndGlobalSection
	GlobalSection(ProjectConfigurationPlatforms) = postSolution
		{89A3BBD5-6E8B-405D-B949-3B3E6F9ED886}.Debug|Any CPU.ActiveCfg = Debug|Any CPU
		{89A3BBD5-6E8B-405D-B949-3B3E6F9ED886}.Debug|Any CPU.Build.0 = Debug|Any CPU
		{89A3BBD5-6E8B-405D-B949-3B3E6F9ED886}.Release|Any CPU.ActiveCfg = Release|Any CPU
		{89A3BBD5-6E8B-405D-B949-3B3E6F9ED886}.Release|Any CPU.Build.0 = Release|Any CPU
	EndGlobalSection
EndGlobal
